# THIS IS AN AUTOGENERATED FILE. DO NOT EDIT THIS FILE DIRECTLY.
# yarn lockfile v1


"@alloc/quick-lru@^5.2.0":
  version "5.2.0"
  resolved "https://registry.npmjs.org/@alloc/quick-lru/-/quick-lru-5.2.0.tgz"
  integrity sha512-UrcABB+4bUrFABwbluTIBErXwvbsU/V7TZWfmbgJfbkwiBuziS9gxdODUyuiecfdGQ85jglMW6juS3+z5TsKLw==

"@emnapi/runtime@^1.2.0":
  version "1.4.0"
  resolved "https://registry.yarnpkg.com/@emnapi/runtime/-/runtime-1.4.0.tgz#8f509bf1059a5551c8fe829a1c4e91db35fdfbee"
  integrity sha512-64WYIf4UYcdLnbKn/umDlNjQDSS8AgZrI/R9+x5ilkUVFxXcA1Ebl+gQLc/6mERA4407Xof0R7wEyEuj091CVw==
  dependencies:
    tslib "^2.4.0"

"@img/sharp-darwin-arm64@0.33.5":
  version "0.33.5"
  resolved "https://registry.yarnpkg.com/@img/sharp-darwin-arm64/-/sharp-darwin-arm64-0.33.5.tgz#ef5b5a07862805f1e8145a377c8ba6e98813ca08"
  integrity sha512-UT4p+iz/2H4twwAoLCqfA9UH5pI6DggwKEGuaPy7nCVQ8ZsiY5PIcrRvD1DzuY3qYL07NtIQcWnBSY/heikIFQ==
  optionalDependencies:
    "@img/sharp-libvips-darwin-arm64" "1.0.4"

"@img/sharp-darwin-x64@0.33.5":
  version "0.33.5"
  resolved "https://registry.yarnpkg.com/@img/sharp-darwin-x64/-/sharp-darwin-x64-0.33.5.tgz#e03d3451cd9e664faa72948cc70a403ea4063d61"
  integrity sha512-fyHac4jIc1ANYGRDxtiqelIbdWkIuQaI84Mv45KvGRRxSAa7o7d1ZKAOBaYbnepLC1WqxfpimdeWfvqqSGwR2Q==
  optionalDependencies:
    "@img/sharp-libvips-darwin-x64" "1.0.4"

"@img/sharp-libvips-darwin-arm64@1.0.4":
  version "1.0.4"
  resolved "https://registry.yarnpkg.com/@img/sharp-libvips-darwin-arm64/-/sharp-libvips-darwin-arm64-1.0.4.tgz#447c5026700c01a993c7804eb8af5f6e9868c07f"
  integrity sha512-XblONe153h0O2zuFfTAbQYAX2JhYmDHeWikp1LM9Hul9gVPjFY427k6dFEcOL72O01QxQsWi761svJ/ev9xEDg==

"@img/sharp-libvips-darwin-x64@1.0.4":
  version "1.0.4"
  resolved "https://registry.yarnpkg.com/@img/sharp-libvips-darwin-x64/-/sharp-libvips-darwin-x64-1.0.4.tgz#e0456f8f7c623f9dbfbdc77383caa72281d86062"
  integrity sha512-xnGR8YuZYfJGmWPvmlunFaWJsb9T/AO2ykoP3Fz/0X5XV2aoYBPkX6xqCQvUTKKiLddarLaxpzNe+b1hjeWHAQ==

"@img/sharp-libvips-linux-arm64@1.0.4":
  version "1.0.4"
  resolved "https://registry.yarnpkg.com/@img/sharp-libvips-linux-arm64/-/sharp-libvips-linux-arm64-1.0.4.tgz#979b1c66c9a91f7ff2893556ef267f90ebe51704"
  integrity sha512-9B+taZ8DlyyqzZQnoeIvDVR/2F4EbMepXMc/NdVbkzsJbzkUjhXv/70GQJ7tdLA4YJgNP25zukcxpX2/SueNrA==

"@img/sharp-libvips-linux-arm@1.0.5":
  version "1.0.5"
  resolved "https://registry.yarnpkg.com/@img/sharp-libvips-linux-arm/-/sharp-libvips-linux-arm-1.0.5.tgz#99f922d4e15216ec205dcb6891b721bfd2884197"
  integrity sha512-gvcC4ACAOPRNATg/ov8/MnbxFDJqf/pDePbBnuBDcjsI8PssmjoKMAz4LtLaVi+OnSb5FK/yIOamqDwGmXW32g==

"@img/sharp-libvips-linux-s390x@1.0.4":
  version "1.0.4"
  resolved "https://registry.yarnpkg.com/@img/sharp-libvips-linux-s390x/-/sharp-libvips-linux-s390x-1.0.4.tgz#f8a5eb1f374a082f72b3f45e2fb25b8118a8a5ce"
  integrity sha512-u7Wz6ntiSSgGSGcjZ55im6uvTrOxSIS8/dgoVMoiGE9I6JAfU50yH5BoDlYA1tcuGS7g/QNtetJnxA6QEsCVTA==

"@img/sharp-libvips-linux-x64@1.0.4":
  version "1.0.4"
  resolved "https://registry.npmjs.org/@img/sharp-libvips-linux-x64/-/sharp-libvips-linux-x64-1.0.4.tgz"
  integrity sha512-MmWmQ3iPFZr0Iev+BAgVMb3ZyC4KeFc3jFxnNbEPas60e1cIfevbtuyf9nDGIzOaW9PdnDciJm+wFFaTlj5xYw==

"@img/sharp-libvips-linuxmusl-arm64@1.0.4":
  version "1.0.4"
  resolved "https://registry.yarnpkg.com/@img/sharp-libvips-linuxmusl-arm64/-/sharp-libvips-linuxmusl-arm64-1.0.4.tgz#166778da0f48dd2bded1fa3033cee6b588f0d5d5"
  integrity sha512-9Ti+BbTYDcsbp4wfYib8Ctm1ilkugkA/uscUn6UXK1ldpC1JjiXbLfFZtRlBhjPZ5o1NCLiDbg8fhUPKStHoTA==

"@img/sharp-libvips-linuxmusl-x64@1.0.4":
  version "1.0.4"
  resolved "https://registry.npmjs.org/@img/sharp-libvips-linuxmusl-x64/-/sharp-libvips-linuxmusl-x64-1.0.4.tgz"
  integrity sha512-viYN1KX9m+/hGkJtvYYp+CCLgnJXwiQB39damAO7WMdKWlIhmYTfHjwSbQeUK/20vY154mwezd9HflVFM1wVSw==

"@img/sharp-linux-arm64@0.33.5":
  version "0.33.5"
  resolved "https://registry.yarnpkg.com/@img/sharp-linux-arm64/-/sharp-linux-arm64-0.33.5.tgz#edb0697e7a8279c9fc829a60fc35644c4839bb22"
  integrity sha512-JMVv+AMRyGOHtO1RFBiJy/MBsgz0x4AWrT6QoEVVTyh1E39TrCUpTRI7mx9VksGX4awWASxqCYLCV4wBZHAYxA==
  optionalDependencies:
    "@img/sharp-libvips-linux-arm64" "1.0.4"

"@img/sharp-linux-arm@0.33.5":
  version "0.33.5"
  resolved "https://registry.yarnpkg.com/@img/sharp-linux-arm/-/sharp-linux-arm-0.33.5.tgz#422c1a352e7b5832842577dc51602bcd5b6f5eff"
  integrity sha512-JTS1eldqZbJxjvKaAkxhZmBqPRGmxgu+qFKSInv8moZ2AmT5Yib3EQ1c6gp493HvrvV8QgdOXdyaIBrhvFhBMQ==
  optionalDependencies:
    "@img/sharp-libvips-linux-arm" "1.0.5"

"@img/sharp-linux-s390x@0.33.5":
  version "0.33.5"
  resolved "https://registry.yarnpkg.com/@img/sharp-linux-s390x/-/sharp-linux-s390x-0.33.5.tgz#f5c077926b48e97e4a04d004dfaf175972059667"
  integrity sha512-y/5PCd+mP4CA/sPDKl2961b+C9d+vPAveS33s6Z3zfASk2j5upL6fXVPZi7ztePZ5CuH+1kW8JtvxgbuXHRa4Q==
  optionalDependencies:
    "@img/sharp-libvips-linux-s390x" "1.0.4"

"@img/sharp-linux-x64@0.33.5":
  version "0.33.5"
  resolved "https://registry.npmjs.org/@img/sharp-linux-x64/-/sharp-linux-x64-0.33.5.tgz"
  integrity sha512-opC+Ok5pRNAzuvq1AG0ar+1owsu842/Ab+4qvU879ippJBHvyY5n2mxF1izXqkPYlGuP/M556uh53jRLJmzTWA==
  optionalDependencies:
    "@img/sharp-libvips-linux-x64" "1.0.4"

"@img/sharp-linuxmusl-arm64@0.33.5":
  version "0.33.5"
  resolved "https://registry.yarnpkg.com/@img/sharp-linuxmusl-arm64/-/sharp-linuxmusl-arm64-0.33.5.tgz#252975b915894fb315af5deea174651e208d3d6b"
  integrity sha512-XrHMZwGQGvJg2V/oRSUfSAfjfPxO+4DkiRh6p2AFjLQztWUuY/o8Mq0eMQVIY7HJ1CDQUJlxGGZRw1a5bqmd1g==
  optionalDependencies:
    "@img/sharp-libvips-linuxmusl-arm64" "1.0.4"

"@img/sharp-linuxmusl-x64@0.33.5":
  version "0.33.5"
  resolved "https://registry.npmjs.org/@img/sharp-linuxmusl-x64/-/sharp-linuxmusl-x64-0.33.5.tgz"
  integrity sha512-WT+d/cgqKkkKySYmqoZ8y3pxx7lx9vVejxW/W4DOFMYVSkErR+w7mf2u8m/y4+xHe7yY9DAXQMWQhpnMuFfScw==
  optionalDependencies:
    "@img/sharp-libvips-linuxmusl-x64" "1.0.4"

"@img/sharp-wasm32@0.33.5":
  version "0.33.5"
  resolved "https://registry.yarnpkg.com/@img/sharp-wasm32/-/sharp-wasm32-0.33.5.tgz#6f44f3283069d935bb5ca5813153572f3e6f61a1"
  integrity sha512-ykUW4LVGaMcU9lu9thv85CbRMAwfeadCJHRsg2GmeRa/cJxsVY9Rbd57JcMxBkKHag5U/x7TSBpScF4U8ElVzg==
  dependencies:
    "@emnapi/runtime" "^1.2.0"

"@img/sharp-win32-ia32@0.33.5":
  version "0.33.5"
  resolved "https://registry.yarnpkg.com/@img/sharp-win32-ia32/-/sharp-win32-ia32-0.33.5.tgz#1a0c839a40c5351e9885628c85f2e5dfd02b52a9"
  integrity sha512-T36PblLaTwuVJ/zw/LaH0PdZkRz5rd3SmMHX8GSmR7vtNSP5Z6bQkExdSK7xGWyxLw4sUknBuugTelgw2faBbQ==

"@img/sharp-win32-x64@0.33.5":
  version "0.33.5"
  resolved "https://registry.yarnpkg.com/@img/sharp-win32-x64/-/sharp-win32-x64-0.33.5.tgz#56f00962ff0c4e0eb93d34a047d29fa995e3e342"
  integrity sha512-MpY/o8/8kj+EcnxwvrP4aTJSWw/aZ7JIGR4aBeZkZw5B7/Jn+tY9/VNwtcoGmdT7GfggGIU4kygOMSbYnOrAbg==

"@next/env@15.2.4":
  version "15.2.4"
  resolved "https://registry.npmjs.org/@next/env/-/env-15.2.4.tgz"
  integrity sha512-+SFtMgoiYP3WoSswuNmxJOCwi06TdWE733D+WPjpXIe4LXGULwEaofiiAy6kbS0+XjM5xF5n3lKuBwN2SnqD9g==

"@next/swc-darwin-arm64@15.2.4":
  version "15.2.4"
  resolved "https://registry.yarnpkg.com/@next/swc-darwin-arm64/-/swc-darwin-arm64-15.2.4.tgz#3a54f67aa2e0096a9147bd24dff1492e151819ae"
  integrity sha512-1AnMfs655ipJEDC/FHkSr0r3lXBgpqKo4K1kiwfUf3iE68rDFXZ1TtHdMvf7D0hMItgDZ7Vuq3JgNMbt/+3bYw==

"@next/swc-darwin-x64@15.2.4":
  version "15.2.4"
  resolved "https://registry.yarnpkg.com/@next/swc-darwin-x64/-/swc-darwin-x64-15.2.4.tgz#9b540f24afde1b7878623fdba9695344d26b7d67"
  integrity sha512-3qK2zb5EwCwxnO2HeO+TRqCubeI/NgCe+kL5dTJlPldV/uwCnUgC7VbEzgmxbfrkbjehL4H9BPztWOEtsoMwew==

"@next/swc-linux-arm64-gnu@15.2.4":
  version "15.2.4"
  resolved "https://registry.yarnpkg.com/@next/swc-linux-arm64-gnu/-/swc-linux-arm64-gnu-15.2.4.tgz#417a234c9f4dc5495094a8979859ac528c0f1f58"
  integrity sha512-HFN6GKUcrTWvem8AZN7tT95zPb0GUGv9v0d0iyuTb303vbXkkbHDp/DxufB04jNVD+IN9yHy7y/6Mqq0h0YVaQ==

"@next/swc-linux-arm64-musl@15.2.4":
  version "15.2.4"
  resolved "https://registry.yarnpkg.com/@next/swc-linux-arm64-musl/-/swc-linux-arm64-musl-15.2.4.tgz#9bca76375508a175956f2d51f8547d0d6f9ffa64"
  integrity sha512-Oioa0SORWLwi35/kVB8aCk5Uq+5/ZIumMK1kJV+jSdazFm2NzPDztsefzdmzzpx5oGCJ6FkUC7vkaUseNTStNA==

"@next/swc-linux-x64-gnu@15.2.4":
  version "15.2.4"
  resolved "https://registry.npmjs.org/@next/swc-linux-x64-gnu/-/swc-linux-x64-gnu-15.2.4.tgz"
  integrity sha512-yb5WTRaHdkgOqFOZiu6rHV1fAEK0flVpaIN2HB6kxHVSy/dIajWbThS7qON3W9/SNOH2JWkVCyulgGYekMePuw==

"@next/swc-linux-x64-musl@15.2.4":
  version "15.2.4"
  resolved "https://registry.npmjs.org/@next/swc-linux-x64-musl/-/swc-linux-x64-musl-15.2.4.tgz"
  integrity sha512-Dcdv/ix6srhkM25fgXiyOieFUkz+fOYkHlydWCtB0xMST6X9XYI3yPDKBZt1xuhOytONsIFJFB08xXYsxUwJLw==

"@next/swc-win32-arm64-msvc@15.2.4":
  version "15.2.4"
  resolved "https://registry.yarnpkg.com/@next/swc-win32-arm64-msvc/-/swc-win32-arm64-msvc-15.2.4.tgz#7d687b42512abd36f44c2c787d58a1590f174b69"
  integrity sha512-dW0i7eukvDxtIhCYkMrZNQfNicPDExt2jPb9AZPpL7cfyUo7QSNl1DjsHjmmKp6qNAqUESyT8YFl/Aw91cNJJg==

"@next/swc-win32-x64-msvc@15.2.4":
  version "15.2.4"
  resolved "https://registry.yarnpkg.com/@next/swc-win32-x64-msvc/-/swc-win32-x64-msvc-15.2.4.tgz#779a0ea272fa4f509387f3b320e2d70803943a95"
  integrity sha512-SbnWkJmkS7Xl3kre8SdMF6F/XDh1DTFEhp0jRTj/uB8iPKoU2bb2NDfcu+iifv1+mxQEd1g2vvSxcZbXSKyWiQ==

"@swc/counter@0.1.3":
  version "0.1.3"
  resolved "https://registry.npmjs.org/@swc/counter/-/counter-0.1.3.tgz"
  integrity sha512-e2BR4lsJkkRlKZ/qCHPw9ZaSxc0MVUd7gtbtaB7aMvHeJVYe8sOB8DBZkP2DtISHGSku9sCK6T6cnY0CtXrOCQ==

"@swc/helpers@0.5.15":
  version "0.5.15"
  resolved "https://registry.npmjs.org/@swc/helpers/-/helpers-0.5.15.tgz"
  integrity sha512-JQ5TuMi45Owi4/BIMAJBoSQoOJu12oOk/gADqlcUL9JEdHB8vyjUSsxqeNXnmXHjYKMi2WcYtezGEEhqUI/E2g==
  dependencies:
    tslib "^2.8.0"

"@tailwindcss/node@4.1.0":
  version "4.1.0"
  resolved "https://registry.npmjs.org/@tailwindcss/node/-/node-4.1.0.tgz"
  integrity sha512-mfgxGxFaxbsUbaGwKIAQXUSm7Qoojw53FftpoKwo4ANwr9wnDaByz4vi1gMti/xfJvmQ5lzA1DvPiX5yCHtBkQ==
  dependencies:
    enhanced-resolve "^5.18.1"
    jiti "^2.4.2"
    lightningcss "1.29.2"
    tailwindcss "4.1.0"

"@tailwindcss/oxide-android-arm64@4.1.0":
  version "4.1.0"
  resolved "https://registry.yarnpkg.com/@tailwindcss/oxide-android-arm64/-/oxide-android-arm64-4.1.0.tgz#20cf4580c62ed0662cfbd5746cf2a509228add30"
  integrity sha512-UredFljuHey2Kh5qyYfQVBr0Xfq70ZE5Df6i5IubNYQGs2JXXT4VL0SIUjwzHx5W9T6t7dT7banunlV6lthGPQ==

"@tailwindcss/oxide-darwin-arm64@4.1.0":
  version "4.1.0"
  resolved "https://registry.yarnpkg.com/@tailwindcss/oxide-darwin-arm64/-/oxide-darwin-arm64-4.1.0.tgz#88ed0c8b35d8924c5e3b4e53c46c403075e47bd7"
  integrity sha512-QHQ/46lRVwH9zEBNiRk8AJ3Af4pMq6DuZAI//q323qrPOXjsRdrhLsH9LUO3mqBfHr5EZNUxN3Am5vpO89sntw==

"@tailwindcss/oxide-darwin-x64@4.1.0":
  version "4.1.0"
  resolved "https://registry.yarnpkg.com/@tailwindcss/oxide-darwin-x64/-/oxide-darwin-x64-4.1.0.tgz#0dd0ccf64651e2b9873b4cf0808cd4e09eba3f98"
  integrity sha512-lEMgYHCvQQ6x2KOZ4FwnPprwfnc+UnjzwXRqEYIhB/NlYvXQD1QMf7oKEDRqy94DiZaYox9ZRfG2YJOBgM0UkA==

"@tailwindcss/oxide-freebsd-x64@4.1.0":
  version "4.1.0"
  resolved "https://registry.yarnpkg.com/@tailwindcss/oxide-freebsd-x64/-/oxide-freebsd-x64-4.1.0.tgz#ba266b63b1458b71cc6c5516114154f826b0cef3"
  integrity sha512-9fdImTc+2lA5yHqJ61oeTXfCtzylNOzJVFhyWwVQAJESJJbVCPnj6f+b+Zf/AYAdKQfS6FCThbPEahkQrDCgLQ==

"@tailwindcss/oxide-linux-arm-gnueabihf@4.1.0":
  version "4.1.0"
  resolved "https://registry.yarnpkg.com/@tailwindcss/oxide-linux-arm-gnueabihf/-/oxide-linux-arm-gnueabihf-4.1.0.tgz#7c8b89cf2a6403a3eeb7483ba2e6e6f67d78e32d"
  integrity sha512-HB0bTkUOuTLLSdadyRhKE9yps4/ZBjrojbHTPMSvvf/8yBLZRPpWb+A6IgW5R+2A2AL4KhVPgLwWfoXsErxJFg==

"@tailwindcss/oxide-linux-arm64-gnu@4.1.0":
  version "4.1.0"
  resolved "https://registry.yarnpkg.com/@tailwindcss/oxide-linux-arm64-gnu/-/oxide-linux-arm64-gnu-4.1.0.tgz#3d0cca9f72bba9325b90c2d73fc4c0fe9eb7858a"
  integrity sha512-+QtYCwvKLjC46h6RikKkpELJWrpiMMtgyK0aaqhwPLEx1icGgIhwz8dqrkAiqbFRE0KiRrE2aenhYoEkplyRmA==

"@tailwindcss/oxide-linux-arm64-musl@4.1.0":
  version "4.1.0"
  resolved "https://registry.yarnpkg.com/@tailwindcss/oxide-linux-arm64-musl/-/oxide-linux-arm64-musl-4.1.0.tgz#19e4c2a7bc2c7629fd69f1073186b4702b635ebd"
  integrity sha512-nApadFKM9GauzuPZPlt6TKfELavMHqJ0gVd+GYkYBTwr2t9KhgCAb2sKiFDDIhs1a7gOjsU7P1lEauv3iKFp+Q==

"@tailwindcss/oxide-linux-x64-gnu@4.1.0":
  version "4.1.0"
  resolved "https://registry.npmjs.org/@tailwindcss/oxide-linux-x64-gnu/-/oxide-linux-x64-gnu-4.1.0.tgz"
  integrity sha512-cp0Rf9Wit2kZHhrV8HIoDFD8dxU2+ZTCFCFbDj3a07pGyyPwLCJm5H5VipKXgYrBaLmlYu73ERidW0S5sdEXEg==

"@tailwindcss/oxide-linux-x64-musl@4.1.0":
  version "4.1.0"
  resolved "https://registry.npmjs.org/@tailwindcss/oxide-linux-x64-musl/-/oxide-linux-x64-musl-4.1.0.tgz"
  integrity sha512-4/wf42XWBJGXsOS6BhgPhdQbg/qyfdZ1nZvTL9sJoxYN+Ah+cfY5Dd7R0smzI8hmgCRt3TD1lYb72ChTyIA59w==

"@tailwindcss/oxide-win32-arm64-msvc@4.1.0":
  version "4.1.0"
  resolved "https://registry.yarnpkg.com/@tailwindcss/oxide-win32-arm64-msvc/-/oxide-win32-arm64-msvc-4.1.0.tgz#cd413ea129a37c35eebaa84c721fcdb5ddc26f64"
  integrity sha512-caXJJ0G6NwGbcoxEYdH3MZYN84C3PldaMdAEPMU6bjJXURQlKdSlQ/Ecis7/nSgBkMkicZyhqWmb36Tw/BFSIw==

"@tailwindcss/oxide-win32-x64-msvc@4.1.0":
  version "4.1.0"
  resolved "https://registry.yarnpkg.com/@tailwindcss/oxide-win32-x64-msvc/-/oxide-win32-x64-msvc-4.1.0.tgz#0286b8ddd730fa1c53f0de89a11b7ca6f8bfe936"
  integrity sha512-ZHXRXRxB7HBmkUE8U13nmkGGYfR1I2vsuhiYjeDDUFIYpk1BL6caU8hvzkSlL/X5CAQNdIUUJRGom5I0ZyfJOA==

"@tailwindcss/oxide@4.1.0":
  version "4.1.0"
  resolved "https://registry.npmjs.org/@tailwindcss/oxide/-/oxide-4.1.0.tgz"
  integrity sha512-A33oyZKpPFH08d7xkl13Dc8OTsbPhsuls0z9gUCxIHvn8c1BsUACddQxL6HwaeJR1fSYyXZUw8bdWcD8bVawpQ==
  optionalDependencies:
    "@tailwindcss/oxide-android-arm64" "4.1.0"
    "@tailwindcss/oxide-darwin-arm64" "4.1.0"
    "@tailwindcss/oxide-darwin-x64" "4.1.0"
    "@tailwindcss/oxide-freebsd-x64" "4.1.0"
    "@tailwindcss/oxide-linux-arm-gnueabihf" "4.1.0"
    "@tailwindcss/oxide-linux-arm64-gnu" "4.1.0"
    "@tailwindcss/oxide-linux-arm64-musl" "4.1.0"
    "@tailwindcss/oxide-linux-x64-gnu" "4.1.0"
    "@tailwindcss/oxide-linux-x64-musl" "4.1.0"
    "@tailwindcss/oxide-win32-arm64-msvc" "4.1.0"
    "@tailwindcss/oxide-win32-x64-msvc" "4.1.0"

"@tailwindcss/postcss@^4":
  version "4.1.0"
  resolved "https://registry.npmjs.org/@tailwindcss/postcss/-/postcss-4.1.0.tgz"
  integrity sha512-b2NWFAFfLXY7960jLY5QkKbuYKrQUULx60XU3BCzyaUQpU/7lLf3n2CiHibZPdBq5CIXrUp10wdxhV0EI0Js2g==
  dependencies:
    "@alloc/quick-lru" "^5.2.0"
    "@tailwindcss/node" "4.1.0"
    "@tailwindcss/oxide" "4.1.0"
    postcss "^8.4.41"
    tailwindcss "4.1.0"

"@tsparticles/basic@3.8.1":
  version "3.8.1"
  resolved "https://registry.npmjs.org/@tsparticles/basic/-/basic-3.8.1.tgz"
  integrity sha512-my114zRmekT/+I2cGuEnHxlX5G/jO0iVtNnsxxlsgspXUTSY+fDixmrNF4UgFkuaIwd9Bv/yH+7S/4HE4qte7A==
  dependencies:
    "@tsparticles/engine" "3.8.1"
    "@tsparticles/move-base" "3.8.1"
    "@tsparticles/plugin-hex-color" "3.8.1"
    "@tsparticles/plugin-hsl-color" "3.8.1"
    "@tsparticles/plugin-rgb-color" "3.8.1"
    "@tsparticles/shape-circle" "3.8.1"
    "@tsparticles/updater-color" "3.8.1"
    "@tsparticles/updater-opacity" "3.8.1"
    "@tsparticles/updater-out-modes" "3.8.1"
    "@tsparticles/updater-size" "3.8.1"

"@tsparticles/engine@3.8.1", "@tsparticles/engine@^3.4.0":
  version "3.8.1"
  resolved "https://registry.npmjs.org/@tsparticles/engine/-/engine-3.8.1.tgz"
  integrity sha512-S8h10nuZfElY7oih//NUHnT5qf4v3/dnsU8CMs7dz5lBEGr3amrYrXk0V+YKPTIQwfdmJHUaSBoAqFiv4aEGIA==

"@tsparticles/interaction-external-attract@3.8.1":
  version "3.8.1"
  resolved "https://registry.npmjs.org/@tsparticles/interaction-external-attract/-/interaction-external-attract-3.8.1.tgz"
  integrity sha512-GWzyj5MOzjb5pNWuqAueNZS2ilPcZ0isiqwcb0BjjpwfiGfL72UyIbNUDMLncsW+4jcwB4WyMsv/qOGDmAwVfQ==
  dependencies:
    "@tsparticles/engine" "3.8.1"

"@tsparticles/interaction-external-bounce@3.8.1":
  version "3.8.1"
  resolved "https://registry.npmjs.org/@tsparticles/interaction-external-bounce/-/interaction-external-bounce-3.8.1.tgz"
  integrity sha512-tgVzsE3orneSeSUc1XhRD6Iqs8Rkm11iRdkncKSpNx4SI2eJWFPhwit2wIiHQ+IuvgCmM2DXRtLgEVeaux71zg==
  dependencies:
    "@tsparticles/engine" "3.8.1"

"@tsparticles/interaction-external-bubble@3.8.1":
  version "3.8.1"
  resolved "https://registry.npmjs.org/@tsparticles/interaction-external-bubble/-/interaction-external-bubble-3.8.1.tgz"
  integrity sha512-edRVFybiVFd5vEjfEkHgrBTXfPTKc05EqCmRuOEd5gOll1ui0nPtknzj9JiLrPacQAJ7OgZKlHWYQb1u5Yy5Tw==
  dependencies:
    "@tsparticles/engine" "3.8.1"

"@tsparticles/interaction-external-connect@3.8.1":
  version "3.8.1"
  resolved "https://registry.npmjs.org/@tsparticles/interaction-external-connect/-/interaction-external-connect-3.8.1.tgz"
  integrity sha512-DQ0nNB0VDSxFxeaJQvm91NDUU/UPoiHE+uUzyw5qSoWJEGTUOj/QkW0GuBinCo99i8MH/wLDqMS9nb+7ZejpUw==
  dependencies:
    "@tsparticles/engine" "3.8.1"

"@tsparticles/interaction-external-grab@3.8.1":
  version "3.8.1"
  resolved "https://registry.npmjs.org/@tsparticles/interaction-external-grab/-/interaction-external-grab-3.8.1.tgz"
  integrity sha512-nPaHrazEr14CGokGGkFHYXZJTN3Inshe04uQNj+Rj4Lz9dAIqq8EFuSejp0g9lk2cTHWfVf4SK4r8+aJz9Ow4Q==
  dependencies:
    "@tsparticles/engine" "3.8.1"

"@tsparticles/interaction-external-pause@3.8.1":
  version "3.8.1"
  resolved "https://registry.npmjs.org/@tsparticles/interaction-external-pause/-/interaction-external-pause-3.8.1.tgz"
  integrity sha512-W+6bjNDddtzlikwnfmk2G/GJsz4ZnoqvK0c63earvnPNUAJmkzrvmLS52JoaIOSyclOIeD4LmubT6IsQDv5ohA==
  dependencies:
    "@tsparticles/engine" "3.8.1"

"@tsparticles/interaction-external-push@3.8.1":
  version "3.8.1"
  resolved "https://registry.npmjs.org/@tsparticles/interaction-external-push/-/interaction-external-push-3.8.1.tgz"
  integrity sha512-LgaXaBM5QXRCeYt3DzphEhE/OirEGnV4iJrXKGJ/FrYMH7kOao85rPmCtYQNYzIy6K0XstmATmTvFRziZ/M4VQ==
  dependencies:
    "@tsparticles/engine" "3.8.1"

"@tsparticles/interaction-external-remove@3.8.1":
  version "3.8.1"
  resolved "https://registry.npmjs.org/@tsparticles/interaction-external-remove/-/interaction-external-remove-3.8.1.tgz"
  integrity sha512-mwo1DRJPIqzrWfs2G+kfQ5/HyM5j/soIj11zur3BkIlm9vdYIxUpA+hvO734oekSjJxY7YFmYUaqc4vC5TFE5w==
  dependencies:
    "@tsparticles/engine" "3.8.1"

"@tsparticles/interaction-external-repulse@3.8.1":
  version "3.8.1"
  resolved "https://registry.npmjs.org/@tsparticles/interaction-external-repulse/-/interaction-external-repulse-3.8.1.tgz"
  integrity sha512-r0E828zrKIRHA27daItHtI9QEp1tO8d8dmF8Ld8+orn7q0+BKG+uGvNTYJFZ+hqR+lp5AkLOiThf7L2wLS9M1A==
  dependencies:
    "@tsparticles/engine" "3.8.1"

"@tsparticles/interaction-external-slow@3.8.1":
  version "3.8.1"
  resolved "https://registry.npmjs.org/@tsparticles/interaction-external-slow/-/interaction-external-slow-3.8.1.tgz"
  integrity sha512-U4P6c9V6/fSDsWchD4oAYAIPHA/203LzQ7+792cMxa7YThza0VS7YyJUQ1PACjGMmfeKbE34/eoGPqESKakeLw==
  dependencies:
    "@tsparticles/engine" "3.8.1"

"@tsparticles/interaction-external-trail@^3.4.0":
  version "3.8.1"
  resolved "https://registry.npmjs.org/@tsparticles/interaction-external-trail/-/interaction-external-trail-3.8.1.tgz"
  integrity sha512-CUiTxCtTASYdqi55KpJ98IRnuLS+G66v+s1/dZeAE7F7wzL7tkcUBQ3hP1yzBpFmKsoYHJfz9nAfocAkgRb6hg==
  dependencies:
    "@tsparticles/engine" "3.8.1"

"@tsparticles/interaction-particles-attract@3.8.1":
  version "3.8.1"
  resolved "https://registry.npmjs.org/@tsparticles/interaction-particles-attract/-/interaction-particles-attract-3.8.1.tgz"
  integrity sha512-lo5JAVdeh1tQq/7SDsIllNdyIJgF3hSquWLARUIwGolezD91bEmHp/rlhTscX5NrqiM3y7z3inJPhR0nP5kGeg==
  dependencies:
    "@tsparticles/engine" "3.8.1"

"@tsparticles/interaction-particles-collisions@3.8.1":
  version "3.8.1"
  resolved "https://registry.npmjs.org/@tsparticles/interaction-particles-collisions/-/interaction-particles-collisions-3.8.1.tgz"
  integrity sha512-teqn1CZVoJkT/ubhkb4R/H1rnx7DoIeerHXS5uME+vrLIqzkn8QlWdEdTJ7PhdB+Ct2iYAeXCrJWwIqnKaAL3w==
  dependencies:
    "@tsparticles/engine" "3.8.1"

"@tsparticles/interaction-particles-links@3.8.1":
  version "3.8.1"
  resolved "https://registry.npmjs.org/@tsparticles/interaction-particles-links/-/interaction-particles-links-3.8.1.tgz"
  integrity sha512-D+X7wEWyhfV7J0uDWf5vWDhxjfaNovNZW0BWscR9qSy8pl3hjRpv0sJ/QaQFscmK5SzVz28tUFDRLbH1aV5v/Q==
  dependencies:
    "@tsparticles/engine" "3.8.1"

"@tsparticles/move-base@3.8.1":
  version "3.8.1"
  resolved "https://registry.npmjs.org/@tsparticles/move-base/-/move-base-3.8.1.tgz"
  integrity sha512-DNFRL1QT8ZQYLg3fIk74EbHJq5HGOq9CM2bCci9dDcdymvN4L7aWVFQavRiWDbi3y1EUW3+jeHSMbD3qHAfOeA==
  dependencies:
    "@tsparticles/engine" "3.8.1"

"@tsparticles/move-parallax@3.8.1":
  version "3.8.1"
  resolved "https://registry.npmjs.org/@tsparticles/move-parallax/-/move-parallax-3.8.1.tgz"
  integrity sha512-umrIttaJGUgfxpnolbMU2BekoN4gw0RgcfVsWR7jzHErA7eTzdJ2mikbQFD+3/1DfTDgJOjWx+dy8a3G/bSsZg==
  dependencies:
    "@tsparticles/engine" "3.8.1"

"@tsparticles/plugin-absorbers@^3.4.0":
  version "3.8.1"
  resolved "https://registry.npmjs.org/@tsparticles/plugin-absorbers/-/plugin-absorbers-3.8.1.tgz"
  integrity sha512-Di2Gncl3tCOCkLr2xZH8qCTVop3ES1r4lnLGDfmWPwUoSwSAUDE1epXKuf/9aLgdCMe7B4v/BGIr3YKUtTO3ww==
  dependencies:
    "@tsparticles/engine" "3.8.1"

"@tsparticles/plugin-easing-quad@3.8.1":
  version "3.8.1"
  resolved "https://registry.npmjs.org/@tsparticles/plugin-easing-quad/-/plugin-easing-quad-3.8.1.tgz"
  integrity sha512-+BiPNHgsNbbh0AhWKjrmJaAu5c37naqjbME8ZYl0BClI0AC5AzBUaezYRxECaLrdtHJvKrZXFMr6Q0sxjDc6QQ==
  dependencies:
    "@tsparticles/engine" "3.8.1"

"@tsparticles/plugin-emitters-shape-circle@^3.4.0":
  version "3.8.1"
  resolved "https://registry.npmjs.org/@tsparticles/plugin-emitters-shape-circle/-/plugin-emitters-shape-circle-3.8.1.tgz"
  integrity sha512-YmUzR5I0Yotadsz/UstDzhRAxEKkJBZ3SSF3y0TcP4t7CDyv5moMzi0W1bW/MeT7rt8d8RLYsS9qyOX/5a5DDw==
  dependencies:
    "@tsparticles/engine" "3.8.1"
    "@tsparticles/plugin-emitters" "3.8.1"

"@tsparticles/plugin-emitters-shape-square@^3.4.0":
  version "3.8.1"
  resolved "https://registry.npmjs.org/@tsparticles/plugin-emitters-shape-square/-/plugin-emitters-shape-square-3.8.1.tgz"
  integrity sha512-hg8a9ZD3PPRuNW8y/jqrRS2J153DkVvAfSdsO+l2PASG8vYVaxzUD1kqAUknUhNZmhg3BvtwQp+ojCNaat5/Lg==
  dependencies:
    "@tsparticles/engine" "3.8.1"
    "@tsparticles/plugin-emitters" "3.8.1"

"@tsparticles/plugin-emitters@3.8.1", "@tsparticles/plugin-emitters@^3.4.0":
  version "3.8.1"
  resolved "https://registry.npmjs.org/@tsparticles/plugin-emitters/-/plugin-emitters-3.8.1.tgz"
  integrity sha512-PGldE3OHs1hsZM6a8qHpXvKIMhaWAqZNwq8v7FwgJGxikXVvYtkKSaWslTpID3hYvtB6+whKig2uWURmq2TUsg==
  dependencies:
    "@tsparticles/engine" "3.8.1"

"@tsparticles/plugin-hex-color@3.8.1":
  version "3.8.1"
  resolved "https://registry.npmjs.org/@tsparticles/plugin-hex-color/-/plugin-hex-color-3.8.1.tgz"
  integrity sha512-AmgB7XIYBCvg5HcqYb19YpcjEx2k4DpU2e24n0rradDDeqKKcz7EWI/08FlAnDb5HUs1em63vaAanl1vdm3+OA==
  dependencies:
    "@tsparticles/engine" "3.8.1"

"@tsparticles/plugin-hsl-color@3.8.1":
  version "3.8.1"
  resolved "https://registry.npmjs.org/@tsparticles/plugin-hsl-color/-/plugin-hsl-color-3.8.1.tgz"
  integrity sha512-Ja6oEX6yu0064e4a+Fv1TBJiG5y0hqWwoOKSqf/Ra/zo01ageOEvDVX70FOVSrP+iEPGPznKVNcZs1tEOOvO0g==
  dependencies:
    "@tsparticles/engine" "3.8.1"

"@tsparticles/plugin-rgb-color@3.8.1":
  version "3.8.1"
  resolved "https://registry.npmjs.org/@tsparticles/plugin-rgb-color/-/plugin-rgb-color-3.8.1.tgz"
  integrity sha512-xNLqnaFUYjU+7dCHQXjZdM4UojUAVorPVmXlYmkh1xmujLljEaFTwCg1UJVlNq+fXENIFkeaf3/XT0U/q0ZBTA==
  dependencies:
    "@tsparticles/engine" "3.8.1"

"@tsparticles/shape-circle@3.8.1":
  version "3.8.1"
  resolved "https://registry.npmjs.org/@tsparticles/shape-circle/-/shape-circle-3.8.1.tgz"
  integrity sha512-dM/f+qcpd8/KfviuVuKiTS8KLDE/T7xxHK7EI2S49yPW6yrJJBXdL7T4N9/n/6PF+Wslcl+kf/eTDjEAI3WjNQ==
  dependencies:
    "@tsparticles/engine" "3.8.1"

"@tsparticles/shape-emoji@3.8.1":
  version "3.8.1"
  resolved "https://registry.npmjs.org/@tsparticles/shape-emoji/-/shape-emoji-3.8.1.tgz"
  integrity sha512-xiXNZ/afdecengUXhOqgUwR+vysgaseVpzEjoGoliOMWq4WHWv+S6ujNfes2oz3x736mTlvKdXcEWRncSXaKWw==
  dependencies:
    "@tsparticles/engine" "3.8.1"

"@tsparticles/shape-image@3.8.1":
  version "3.8.1"
  resolved "https://registry.npmjs.org/@tsparticles/shape-image/-/shape-image-3.8.1.tgz"
  integrity sha512-7Yi25uLXvcY5A6TzyVBjYPsTmeTrE+0a2YO8kdp3O7V9NRGCSfXKnPRFp+lNOTiQRRvOG+SSzx2G18dfc/jwQg==
  dependencies:
    "@tsparticles/engine" "3.8.1"

"@tsparticles/shape-line@3.8.1":
  version "3.8.1"
  resolved "https://registry.npmjs.org/@tsparticles/shape-line/-/shape-line-3.8.1.tgz"
  integrity sha512-aXVKkpGLgi1hbU/JO+opzy3OTt6PfxWrhGZyI0ms3vdcRX9uYlq4GoNUoKPVfntjWzhecF+FNNZ9gqUG/+WZLQ==
  dependencies:
    "@tsparticles/engine" "3.8.1"

"@tsparticles/shape-polygon@3.8.1":
  version "3.8.1"
  resolved "https://registry.npmjs.org/@tsparticles/shape-polygon/-/shape-polygon-3.8.1.tgz"
  integrity sha512-1pAx85NJbgmsOngl+ZAYH8vxwPJmoddjWCbWTD0wlp/x+2NRjn1iaGBKObPKLgwVzsAXb9qNHMsUX/x0C54svw==
  dependencies:
    "@tsparticles/engine" "3.8.1"

"@tsparticles/shape-square@3.8.1":
  version "3.8.1"
  resolved "https://registry.npmjs.org/@tsparticles/shape-square/-/shape-square-3.8.1.tgz"
  integrity sha512-4cjDt6542dkc15zxG1VYT7ScgPXM3+5VGtwMfh5CYNBx+GZZ3R+XUo1Q66JadcqKcNdHXfMWbXCMxs0GaiTtSw==
  dependencies:
    "@tsparticles/engine" "3.8.1"

"@tsparticles/shape-star@3.8.1":
  version "3.8.1"
  resolved "https://registry.npmjs.org/@tsparticles/shape-star/-/shape-star-3.8.1.tgz"
  integrity sha512-wBxnawqan/ocguNxY6cOEXF+YVnLIUmGBlnVGYx/7U9E2UHuHEKkoumob4fUflKISjvj5eQLpm/E1eUfYMd6RA==
  dependencies:
    "@tsparticles/engine" "3.8.1"

"@tsparticles/shape-text@^3.4.0":
  version "3.8.1"
  resolved "https://registry.npmjs.org/@tsparticles/shape-text/-/shape-text-3.8.1.tgz"
  integrity sha512-PuEQobjHE5F/G2anv87b4K+wrBBuqE6H08Pm7BAb+qDl/LDmVZrrYrm4xl1DP07M/fhBJZpaBSgQ/m/5synSHw==
  dependencies:
    "@tsparticles/engine" "3.8.1"

"@tsparticles/slim@^3.4.0":
  version "3.8.1"
  resolved "https://registry.npmjs.org/@tsparticles/slim/-/slim-3.8.1.tgz"
  integrity sha512-b6JV8MrxMz0XYn0eBCI/Mq8VCRyeaWfUyQaQyxLiRd96xpBXCeULooJF+Eaz9it1sUI898a5QfvY8djNXs4OJw==
  dependencies:
    "@tsparticles/basic" "3.8.1"
    "@tsparticles/engine" "3.8.1"
    "@tsparticles/interaction-external-attract" "3.8.1"
    "@tsparticles/interaction-external-bounce" "3.8.1"
    "@tsparticles/interaction-external-bubble" "3.8.1"
    "@tsparticles/interaction-external-connect" "3.8.1"
    "@tsparticles/interaction-external-grab" "3.8.1"
    "@tsparticles/interaction-external-pause" "3.8.1"
    "@tsparticles/interaction-external-push" "3.8.1"
    "@tsparticles/interaction-external-remove" "3.8.1"
    "@tsparticles/interaction-external-repulse" "3.8.1"
    "@tsparticles/interaction-external-slow" "3.8.1"
    "@tsparticles/interaction-particles-attract" "3.8.1"
    "@tsparticles/interaction-particles-collisions" "3.8.1"
    "@tsparticles/interaction-particles-links" "3.8.1"
    "@tsparticles/move-parallax" "3.8.1"
    "@tsparticles/plugin-easing-quad" "3.8.1"
    "@tsparticles/shape-emoji" "3.8.1"
    "@tsparticles/shape-image" "3.8.1"
    "@tsparticles/shape-line" "3.8.1"
    "@tsparticles/shape-polygon" "3.8.1"
    "@tsparticles/shape-square" "3.8.1"
    "@tsparticles/shape-star" "3.8.1"
    "@tsparticles/updater-life" "3.8.1"
    "@tsparticles/updater-rotate" "3.8.1"
    "@tsparticles/updater-stroke-color" "3.8.1"

"@tsparticles/updater-color@3.8.1":
  version "3.8.1"
  resolved "https://registry.npmjs.org/@tsparticles/updater-color/-/updater-color-3.8.1.tgz"
  integrity sha512-HKrZzrF8YJ+TD+FdIwaWOPV565bkBhe+Ewj7CwKblG7H/SG+C6n1xIYobXkGP5pYkkQ+Cm1UV/Aq0Ih7sa+rJg==
  dependencies:
    "@tsparticles/engine" "3.8.1"

"@tsparticles/updater-destroy@^3.4.0":
  version "3.8.1"
  resolved "https://registry.npmjs.org/@tsparticles/updater-destroy/-/updater-destroy-3.8.1.tgz"
  integrity sha512-OMy8zZv3ujiaLw1i2BNWOhDgBPNnDiKlTwIP1mK0N9cYOplJkgaxmHOc7NhCndnLvZaYHqfN2bujLK2iBgNdbw==
  dependencies:
    "@tsparticles/engine" "3.8.1"

"@tsparticles/updater-life@3.8.1":
  version "3.8.1"
  resolved "https://registry.npmjs.org/@tsparticles/updater-life/-/updater-life-3.8.1.tgz"
  integrity sha512-5rCFFKD7js1lKgTpKOLo2OfmisWp4qqMVUVR4bNPeR0Ne/dcwDbKDzWyYS2AMsvWv/gcTTtWiarRfAiVQ5HtNg==
  dependencies:
    "@tsparticles/engine" "3.8.1"

"@tsparticles/updater-opacity@3.8.1":
  version "3.8.1"
  resolved "https://registry.npmjs.org/@tsparticles/updater-opacity/-/updater-opacity-3.8.1.tgz"
  integrity sha512-41dJ0T7df7AUFFkV9yU0buUfUwh+hLYcViXxkDy+6CJiiNCNZ4H404w1DTpBQLL4fbxUcDk9BXZLV7gkE2OfAw==
  dependencies:
    "@tsparticles/engine" "3.8.1"

"@tsparticles/updater-out-modes@3.8.1":
  version "3.8.1"
  resolved "https://registry.npmjs.org/@tsparticles/updater-out-modes/-/updater-out-modes-3.8.1.tgz"
  integrity sha512-BY8WqQwoDFpgPybwTzBU2GnxtRkjWnGStqBnR53x5+f1j7geTSY6WjcOvl1W+IkjtwtjiifriwBl41EbqMrjdQ==
  dependencies:
    "@tsparticles/engine" "3.8.1"

"@tsparticles/updater-roll@^3.4.0":
  version "3.8.1"
  resolved "https://registry.npmjs.org/@tsparticles/updater-roll/-/updater-roll-3.8.1.tgz"
  integrity sha512-KYFTfMr8/M5pYBJFUFVrkogJURtKO5ogNSocOCf0v2QLMsbT5+OKNO7CLtxPZD98vTGRD3CHlt53/PF0tSesDA==
  dependencies:
    "@tsparticles/engine" "3.8.1"

"@tsparticles/updater-rotate@3.8.1":
  version "3.8.1"
  resolved "https://registry.npmjs.org/@tsparticles/updater-rotate/-/updater-rotate-3.8.1.tgz"
  integrity sha512-gpI07H1+diuuUdhJsQ1RlfHSD3fzBJrjyuwGuoXgHmvKzak6EWKpYfUMOraH4Dm41m/4kJZelle4nST+NpIuoA==
  dependencies:
    "@tsparticles/engine" "3.8.1"

"@tsparticles/updater-size@3.8.1":
  version "3.8.1"
  resolved "https://registry.npmjs.org/@tsparticles/updater-size/-/updater-size-3.8.1.tgz"
  integrity sha512-SC2ZxewtpwKadCalotK6x2YanxRO3hTMW1Rxzx9V2rcjAIgh/Nw49Vuithy2TDq8RtTc9rHDAPic2vMQ/lYQwA==
  dependencies:
    "@tsparticles/engine" "3.8.1"

"@tsparticles/updater-stroke-color@3.8.1":
  version "3.8.1"
  resolved "https://registry.npmjs.org/@tsparticles/updater-stroke-color/-/updater-stroke-color-3.8.1.tgz"
  integrity sha512-rofHCf5oRHP2H+BTJ4D3r4mTqZtre3c8bsdJHATle26+gLpzbt6I1a83wAY8xnsQa1BNnRAfEsnb7GpdZ1vYaw==
  dependencies:
    "@tsparticles/engine" "3.8.1"

"@tsparticles/updater-tilt@^3.4.0":
  version "3.8.1"
  resolved "https://registry.npmjs.org/@tsparticles/updater-tilt/-/updater-tilt-3.8.1.tgz"
  integrity sha512-qMVd/sjrAds8m6vXFH5YKN8zrQR9SLdn5N5EvHx/JuKpOut4NhG85u8AEJL6ct1g7hY8Zj9kfi/dDSSovkaHhw==
  dependencies:
    "@tsparticles/engine" "3.8.1"

"@tsparticles/updater-twinkle@^3.4.0":
  version "3.8.1"
  resolved "https://registry.npmjs.org/@tsparticles/updater-twinkle/-/updater-twinkle-3.8.1.tgz"
  integrity sha512-ETJ1zLYp4vjSjmXDiXXr0yW4Vw8sL6XixM0NPU3yx/dKCVi9SGVMlRymfkxJV+9jMuU/pUCCmRnIdDS7YrDGmw==
  dependencies:
    "@tsparticles/engine" "3.8.1"

"@tsparticles/updater-wobble@^3.4.0":
  version "3.8.1"
  resolved "https://registry.npmjs.org/@tsparticles/updater-wobble/-/updater-wobble-3.8.1.tgz"
  integrity sha512-PkjVgeSkW0EebJQ9PdpwSMWU2fAvKsVSuH4KGmodYlgGkH0/zvKjMOPMEI6YRAor1/vF1soFyLYp9Vax7Ae13g==
  dependencies:
    "@tsparticles/engine" "3.8.1"

busboy@1.6.0:
  version "1.6.0"
  resolved "https://registry.npmjs.org/busboy/-/busboy-1.6.0.tgz"
  integrity sha512-8SFQbg/0hQ9xy3UNTB0YEnsNBbWfhf7RtnzpL7TkBiTBRfrQ9Fxcnz7VJsleJpyp6rVLvXiuORqjlHi5q+PYuA==
  dependencies:
    streamsearch "^1.1.0"

caniuse-lite@^1.0.30001579:
  version "1.0.30001707"
  resolved "https://registry.npmjs.org/caniuse-lite/-/caniuse-lite-1.0.30001707.tgz"
  integrity sha512-3qtRjw/HQSMlDWf+X79N206fepf4SOOU6SQLMaq/0KkZLmSjPxAkBOQQ+FxbHKfHmYLZFfdWsO3KA90ceHPSnw==

classnames@^2.2.5:
  version "2.5.1"
  resolved "https://registry.npmjs.org/classnames/-/classnames-2.5.1.tgz"
  integrity sha512-saHYOzhIQs6wy2sVxTM6bUDsQO4F50V9RQ22qBpEdCW+I+/Wmke2HOl6lS6dTpdxVhb88/I6+Hs+438c3lfUow==

client-only@0.0.1:
  version "0.0.1"
  resolved "https://registry.npmjs.org/client-only/-/client-only-0.0.1.tgz"
  integrity sha512-IV3Ou0jSMzZrd3pZ48nLkT9DA7Ag1pnPzaiQhpW7c3RbcqqzvzzVu+L8gfqMp/8IM2MQtSiqaCxrrcfu8I8rMA==

color-convert@^2.0.1:
  version "2.0.1"
  resolved "https://registry.npmjs.org/color-convert/-/color-convert-2.0.1.tgz"
  integrity sha512-RRECPsj7iu/xb5oKYcsFHSppFNnsj/52OVTRKb4zP5onXwVF3zVmmToNcOfGC+CRDpfK/U584fMg38ZHCaElKQ==
  dependencies:
    color-name "~1.1.4"

color-name@^1.0.0, color-name@~1.1.4:
  version "1.1.4"
  resolved "https://registry.npmjs.org/color-name/-/color-name-1.1.4.tgz"
  integrity sha512-dOy+3AuW3a2wNbZHIuMZpTcgjGuLU/uBL/ubcZF9OXbDo8ff4O8yVp5Bf0efS8uEoYo5q4Fx7dY9OgQGXgAsQA==

color-string@^1.9.0:
  version "1.9.1"
  resolved "https://registry.npmjs.org/color-string/-/color-string-1.9.1.tgz"
  integrity sha512-shrVawQFojnZv6xM40anx4CkoDP+fZsw/ZerEMsW/pyzsRbElpsL/DBVW7q3ExxwusdNXI3lXpuhEZkzs8p5Eg==
  dependencies:
    color-name "^1.0.0"
    simple-swizzle "^0.2.2"

color@^4.2.3:
  version "4.2.3"
  resolved "https://registry.npmjs.org/color/-/color-4.2.3.tgz"
  integrity sha512-1rXeuUUiGGrykh+CeBdu5Ie7OJwinCgQY0bc7GCRxy5xVHy+moaqkpL/jqQq0MtQOeYcrqEz4abc5f0KtU7W4A==
  dependencies:
    color-convert "^2.0.1"
    color-string "^1.9.0"

detect-libc@^2.0.3:
  version "2.0.3"
  resolved "https://registry.npmjs.org/detect-libc/-/detect-libc-2.0.3.tgz"
  integrity sha512-bwy0MGW55bG41VqxxypOsdSdGqLwXPI/focwgTYCFMbdUiBAxLg9CFzG08sz2aqzknwiX7Hkl0bQENjg8iLByw==

enhanced-resolve@^5.18.1:
  version "5.18.1"
  resolved "https://registry.npmjs.org/enhanced-resolve/-/enhanced-resolve-5.18.1.tgz"
  integrity sha512-ZSW3ma5GkcQBIpwZTSRAI8N71Uuwgs93IezB7mf7R60tC8ZbJideoDNKjHn2O9KIlx6rkGTTEk1xUCK2E1Y2Yg==
  dependencies:
    graceful-fs "^4.2.4"
    tapable "^2.2.0"

enquire.js@^2.1.6:
  version "2.1.6"
  resolved "https://registry.npmjs.org/enquire.js/-/enquire.js-2.1.6.tgz"
  integrity sha512-/KujNpO+PT63F7Hlpu4h3pE3TokKRHN26JYmQpPyjkRD/N57R7bPDNojMXdi7uveAKjYB7yQnartCxZnFWr0Xw==

fast-deep-equal@^3.1.3:
  version "3.1.3"
  resolved "https://registry.npmjs.org/fast-deep-equal/-/fast-deep-equal-3.1.3.tgz"
  integrity sha512-f3qQ9oQy9j2AhBe/H9VC91wLmKBCCU/gDOnKNAYG5hswO7BLKj09Hc5HYNz9cGI++xlpDCIgDaitVs03ATR84Q==

graceful-fs@^4.2.4:
  version "4.2.11"
  resolved "https://registry.npmjs.org/graceful-fs/-/graceful-fs-4.2.11.tgz"
  integrity sha512-RbJ5/jmFcNNCcDV5o9eTnBLJ/HszWV0P73bc+Ff4nS/rJj+YaS6IGyiOL0VoBYX+l1Wrl3k63h/KrH+nhJ0XvQ==

is-arrayish@^0.3.1:
  version "0.3.2"
  resolved "https://registry.npmjs.org/is-arrayish/-/is-arrayish-0.3.2.tgz"
  integrity sha512-eVRqCvVlZbuw3GrM63ovNSNAeA1K16kaR/LRY/92w0zxQ5/1YzwblUX652i4Xs9RwAGjW9d9y6X88t8OaAJfWQ==

jiti@^2.4.2:
  version "2.4.2"
  resolved "https://registry.npmjs.org/jiti/-/jiti-2.4.2.tgz"
  integrity sha512-rg9zJN+G4n2nfJl5MW3BMygZX56zKPNVEYYqq7adpmMh4Jn2QNEwhvQlFy6jPVdcod7txZtKHWnyZiA3a0zP7A==

json2mq@^0.2.0:
  version "0.2.0"
  resolved "https://registry.npmjs.org/json2mq/-/json2mq-0.2.0.tgz"
  integrity sha512-SzoRg7ux5DWTII9J2qkrZrqV1gt+rTaoufMxEzXbS26Uid0NwaJd123HcoB80TgubEppxxIGdNxCx50fEoEWQA==
  dependencies:
    string-convert "^0.2.0"

lightningcss-darwin-arm64@1.29.2:
  version "1.29.2"
  resolved "https://registry.yarnpkg.com/lightningcss-darwin-arm64/-/lightningcss-darwin-arm64-1.29.2.tgz#6ceff38b01134af48e859394e1ca21e5d49faae6"
  integrity sha512-cK/eMabSViKn/PG8U/a7aCorpeKLMlK0bQeNHmdb7qUnBkNPnL+oV5DjJUo0kqWsJUapZsM4jCfYItbqBDvlcA==

lightningcss-darwin-x64@1.29.2:
  version "1.29.2"
  resolved "https://registry.yarnpkg.com/lightningcss-darwin-x64/-/lightningcss-darwin-x64-1.29.2.tgz#891b6f9e57682d794223c33463ca66d3af3fb038"
  integrity sha512-j5qYxamyQw4kDXX5hnnCKMf3mLlHvG44f24Qyi2965/Ycz829MYqjrVg2H8BidybHBp9kom4D7DR5VqCKDXS0w==

lightningcss-freebsd-x64@1.29.2:
  version "1.29.2"
  resolved "https://registry.yarnpkg.com/lightningcss-freebsd-x64/-/lightningcss-freebsd-x64-1.29.2.tgz#8a95f9ab73b2b2b0beefe1599fafa8b058938495"
  integrity sha512-wDk7M2tM78Ii8ek9YjnY8MjV5f5JN2qNVO+/0BAGZRvXKtQrBC4/cn4ssQIpKIPP44YXw6gFdpUF+Ps+RGsCwg==

lightningcss-linux-arm-gnueabihf@1.29.2:
  version "1.29.2"
  resolved "https://registry.yarnpkg.com/lightningcss-linux-arm-gnueabihf/-/lightningcss-linux-arm-gnueabihf-1.29.2.tgz#5c60bbf92b39d7ed51e363f7b98a7111bf5914a1"
  integrity sha512-IRUrOrAF2Z+KExdExe3Rz7NSTuuJ2HvCGlMKoquK5pjvo2JY4Rybr+NrKnq0U0hZnx5AnGsuFHjGnNT14w26sg==

lightningcss-linux-arm64-gnu@1.29.2:
  version "1.29.2"
  resolved "https://registry.yarnpkg.com/lightningcss-linux-arm64-gnu/-/lightningcss-linux-arm64-gnu-1.29.2.tgz#e73d7608c4cce034c3654e5e8b53be74846224de"
  integrity sha512-KKCpOlmhdjvUTX/mBuaKemp0oeDIBBLFiU5Fnqxh1/DZ4JPZi4evEH7TKoSBFOSOV3J7iEmmBaw/8dpiUvRKlQ==

lightningcss-linux-arm64-musl@1.29.2:
  version "1.29.2"
  resolved "https://registry.yarnpkg.com/lightningcss-linux-arm64-musl/-/lightningcss-linux-arm64-musl-1.29.2.tgz#a95a18d5a909831c092e0a8d2de4b9ac1a8db151"
  integrity sha512-Q64eM1bPlOOUgxFmoPUefqzY1yV3ctFPE6d/Vt7WzLW4rKTv7MyYNky+FWxRpLkNASTnKQUaiMJ87zNODIrrKQ==

lightningcss-linux-x64-gnu@1.29.2:
  version "1.29.2"
  resolved "https://registry.npmjs.org/lightningcss-linux-x64-gnu/-/lightningcss-linux-x64-gnu-1.29.2.tgz"
  integrity sha512-0v6idDCPG6epLXtBH/RPkHvYx74CVziHo6TMYga8O2EiQApnUPZsbR9nFNrg2cgBzk1AYqEd95TlrsL7nYABQg==

lightningcss-linux-x64-musl@1.29.2:
  version "1.29.2"
  resolved "https://registry.npmjs.org/lightningcss-linux-x64-musl/-/lightningcss-linux-x64-musl-1.29.2.tgz"
  integrity sha512-rMpz2yawkgGT8RULc5S4WiZopVMOFWjiItBT7aSfDX4NQav6M44rhn5hjtkKzB+wMTRlLLqxkeYEtQ3dd9696w==

lightningcss-win32-arm64-msvc@1.29.2:
  version "1.29.2"
  resolved "https://registry.yarnpkg.com/lightningcss-win32-arm64-msvc/-/lightningcss-win32-arm64-msvc-1.29.2.tgz#da43ea49fafc5d2de38e016f1a8539d5eed98318"
  integrity sha512-nL7zRW6evGQqYVu/bKGK+zShyz8OVzsCotFgc7judbt6wnB2KbiKKJwBE4SGoDBQ1O94RjW4asrCjQL4i8Fhbw==

lightningcss-win32-x64-msvc@1.29.2:
  version "1.29.2"
  resolved "https://registry.yarnpkg.com/lightningcss-win32-x64-msvc/-/lightningcss-win32-x64-msvc-1.29.2.tgz#ddefaa099a39b725b2f5bbdcb9fc718435cc9797"
  integrity sha512-EdIUW3B2vLuHmv7urfzMI/h2fmlnOQBk1xlsDxkN1tCWKjNFjfLhGxYk8C8mzpSfr+A6jFFIi8fU6LbQGsRWjA==

lightningcss@1.29.2:
  version "1.29.2"
  resolved "https://registry.npmjs.org/lightningcss/-/lightningcss-1.29.2.tgz"
  integrity sha512-6b6gd/RUXKaw5keVdSEtqFVdzWnU5jMxTUjA2bVcMNPLwSQ08Sv/UodBVtETLCn7k4S1Ibxwh7k68IwLZPgKaA==
  dependencies:
    detect-libc "^2.0.3"
  optionalDependencies:
    lightningcss-darwin-arm64 "1.29.2"
    lightningcss-darwin-x64 "1.29.2"
    lightningcss-freebsd-x64 "1.29.2"
    lightningcss-linux-arm-gnueabihf "1.29.2"
    lightningcss-linux-arm64-gnu "1.29.2"
    lightningcss-linux-arm64-musl "1.29.2"
    lightningcss-linux-x64-gnu "1.29.2"
    lightningcss-linux-x64-musl "1.29.2"
    lightningcss-win32-arm64-msvc "1.29.2"
    lightningcss-win32-x64-msvc "1.29.2"

lodash.debounce@^4.0.8:
  version "4.0.8"
  resolved "https://registry.npmjs.org/lodash.debounce/-/lodash.debounce-4.0.8.tgz"
  integrity sha512-FT1yDzDYEoYWhnSGnpE/4Kj1fLZkDFyqRb7fNt6FdYOSxlUWAtp42Eh6Wb0rGIv/m9Bgo7x4GhQbm5Ys4SG5ow==

nanoid@^3.3.6, nanoid@^3.3.8:
  version "3.3.11"
  resolved "https://registry.npmjs.org/nanoid/-/nanoid-3.3.11.tgz"
  integrity sha512-N8SpfPUnUp1bK+PMYW8qSWdl9U+wwNWI4QKxOYDy9JAro3WMX7p2OeVRF9v+347pnakNevPmiHhNmZ2HbFA76w==

next@15.2.4:
  version "15.2.4"
  resolved "https://registry.npmjs.org/next/-/next-15.2.4.tgz"
  integrity sha512-VwL+LAaPSxEkd3lU2xWbgEOtrM8oedmyhBqaVNmgKB+GvZlCy9rgaEc+y2on0wv+l0oSFqLtYD6dcC1eAedUaQ==
  dependencies:
    "@next/env" "15.2.4"
    "@swc/counter" "0.1.3"
    "@swc/helpers" "0.5.15"
    busboy "1.6.0"
    caniuse-lite "^1.0.30001579"
    postcss "8.4.31"
    styled-jsx "5.1.6"
  optionalDependencies:
    "@next/swc-darwin-arm64" "15.2.4"
    "@next/swc-darwin-x64" "15.2.4"
    "@next/swc-linux-arm64-gnu" "15.2.4"
    "@next/swc-linux-arm64-musl" "15.2.4"
    "@next/swc-linux-x64-gnu" "15.2.4"
    "@next/swc-linux-x64-musl" "15.2.4"
    "@next/swc-win32-arm64-msvc" "15.2.4"
    "@next/swc-win32-x64-msvc" "15.2.4"
    sharp "^0.33.5"

picocolors@^1.0.0, picocolors@^1.1.1:
  version "1.1.1"
  resolved "https://registry.npmjs.org/picocolors/-/picocolors-1.1.1.tgz"
  integrity sha512-xceH2snhtb5M9liqDsmEw56le376mTZkEX/jEb/RxNFyegNul7eNslCXP9FDj/Lcu0X8KEyMceP2ntpaHrDEVA==

postcss@8.4.31:
  version "8.4.31"
  resolved "https://registry.npmjs.org/postcss/-/postcss-8.4.31.tgz"
  integrity sha512-PS08Iboia9mts/2ygV3eLpY5ghnUcfLV/EXTOW1E2qYxJKGGBUtNjN76FYHnMs36RmARn41bC0AZmn+rR0OVpQ==
  dependencies:
    nanoid "^3.3.6"
    picocolors "^1.0.0"
    source-map-js "^1.0.2"

postcss@^8.4.41:
  version "8.5.3"
  resolved "https://registry.npmjs.org/postcss/-/postcss-8.5.3.tgz"
  integrity sha512-dle9A3yYxlBSrt8Fu+IpjGT8SY8hN0mlaA6GY8t0P5PjIOZemULz/E2Bnm/2dcUOena75OTNkHI76uZBNUUq3A==
  dependencies:
    nanoid "^3.3.8"
    picocolors "^1.1.1"
    source-map-js "^1.2.1"

react-dom@^19.0.0:
  version "19.1.0"
  resolved "https://registry.npmjs.org/react-dom/-/react-dom-19.1.0.tgz"
  integrity sha512-Xs1hdnE+DyKgeHJeJznQmYMIBG3TKIHJJT95Q58nHLSrElKlGQqDTR2HQ9fx5CN/Gk6Vh/kupBTDLU11/nDk/g==
  dependencies:
    scheduler "^0.26.0"

react-slick@^0.30.3:
  version "0.30.3"
  resolved "https://registry.npmjs.org/react-slick/-/react-slick-0.30.3.tgz"
  integrity sha512-B4x0L9GhkEWUMApeHxr/Ezp2NncpGc+5174R02j+zFiWuYboaq98vmxwlpafZfMjZic1bjdIqqmwLDcQY0QaFA==
  dependencies:
    classnames "^2.2.5"
    enquire.js "^2.1.6"
    json2mq "^0.2.0"
    lodash.debounce "^4.0.8"
    resize-observer-polyfill "^1.5.0"

react-tsparticles@^2.9.0:
  version "2.9.0"
  resolved "https://registry.npmjs.org/react-tsparticles/-/react-tsparticles-2.9.0.tgz"
  integrity sha512-UtlcqGdWKMz7X8f29imwcLvSV1EpJoWCwsqnpiql0+3X/oxJ43fB9zd557h9oIDMJRqpy3zByMnFL1UNVB+oBg==
  dependencies:
    fast-deep-equal "^3.1.3"
    tsparticles-engine "^2.9.0"

react@^19.0.0:
  version "19.1.0"
  resolved "https://registry.npmjs.org/react/-/react-19.1.0.tgz"
  integrity sha512-FS+XFBNvn3GTAWq26joslQgWNoFu08F4kl0J4CgdNKADkdSGXQyTCnKteIAJy96Br6YbpEU1LSzV5dYtjMkMDg==

resize-observer-polyfill@^1.5.0:
  version "1.5.1"
  resolved "https://registry.npmjs.org/resize-observer-polyfill/-/resize-observer-polyfill-1.5.1.tgz"
  integrity sha512-LwZrotdHOo12nQuZlHEmtuXdqGoOD0OhaxopaNFxWzInpEgaLWoVuAMbTzixuosCx2nEG58ngzW3vxdWoxIgdg==

scheduler@^0.26.0:
  version "0.26.0"
  resolved "https://registry.npmjs.org/scheduler/-/scheduler-0.26.0.tgz"
  integrity sha512-NlHwttCI/l5gCPR3D1nNXtWABUmBwvZpEQiD4IXSbIDq8BzLIK/7Ir5gTFSGZDUu37K5cMNp0hFtzO38sC7gWA==

semver@^7.6.3:
  version "7.7.1"
  resolved "https://registry.npmjs.org/semver/-/semver-7.7.1.tgz"
  integrity sha512-hlq8tAfn0m/61p4BVRcPzIGr6LKiMwo4VM6dGi6pt4qcRkmNzTcWq6eCEjEh+qXjkMDvPlOFFSGwQjoEa6gyMA==

sharp@^0.33.5:
  version "0.33.5"
  resolved "https://registry.npmjs.org/sharp/-/sharp-0.33.5.tgz"
  integrity sha512-haPVm1EkS9pgvHrQ/F3Xy+hgcuMV0Wm9vfIBSiwZ05k+xgb0PkBQpGsAA/oWdDobNaZTH5ppvHtzCFbnSEwHVw==
  dependencies:
    color "^4.2.3"
    detect-libc "^2.0.3"
    semver "^7.6.3"
  optionalDependencies:
    "@img/sharp-darwin-arm64" "0.33.5"
    "@img/sharp-darwin-x64" "0.33.5"
    "@img/sharp-libvips-darwin-arm64" "1.0.4"
    "@img/sharp-libvips-darwin-x64" "1.0.4"
    "@img/sharp-libvips-linux-arm" "1.0.5"
    "@img/sharp-libvips-linux-arm64" "1.0.4"
    "@img/sharp-libvips-linux-s390x" "1.0.4"
    "@img/sharp-libvips-linux-x64" "1.0.4"
    "@img/sharp-libvips-linuxmusl-arm64" "1.0.4"
    "@img/sharp-libvips-linuxmusl-x64" "1.0.4"
    "@img/sharp-linux-arm" "0.33.5"
    "@img/sharp-linux-arm64" "0.33.5"
    "@img/sharp-linux-s390x" "0.33.5"
    "@img/sharp-linux-x64" "0.33.5"
    "@img/sharp-linuxmusl-arm64" "0.33.5"
    "@img/sharp-linuxmusl-x64" "0.33.5"
    "@img/sharp-wasm32" "0.33.5"
    "@img/sharp-win32-ia32" "0.33.5"
    "@img/sharp-win32-x64" "0.33.5"

simple-swizzle@^0.2.2:
  version "0.2.2"
  resolved "https://registry.npmjs.org/simple-swizzle/-/simple-swizzle-0.2.2.tgz"
  integrity sha512-JA//kQgZtbuY83m+xT+tXJkmJncGMTFT+C+g2h2R9uxkYIrE2yy9sgmcLhCnw57/WSD+Eh3J97FPEDFnbXnDUg==
  dependencies:
    is-arrayish "^0.3.1"

slick-carousel@^1.8.1:
  version "1.8.1"
  resolved "https://registry.npmjs.org/slick-carousel/-/slick-carousel-1.8.1.tgz"
  integrity sha512-XB9Ftrf2EEKfzoQXt3Nitrt/IPbT+f1fgqBdoxO3W/+JYvtEOW6EgxnWfr9GH6nmULv7Y2tPmEX3koxThVmebA==

source-map-js@^1.0.2, source-map-js@^1.2.1:
  version "1.2.1"
  resolved "https://registry.npmjs.org/source-map-js/-/source-map-js-1.2.1.tgz"
  integrity sha512-UXWMKhLOwVKb728IUtQPXxfYU+usdybtUrK/8uGE8CQMvrhOpwvzDBwj0QhSL7MQc7vIsISBG8VQ8+IDQxpfQA==

streamsearch@^1.1.0:
  version "1.1.0"
  resolved "https://registry.npmjs.org/streamsearch/-/streamsearch-1.1.0.tgz"
  integrity sha512-Mcc5wHehp9aXz1ax6bZUyY5afg9u2rv5cqQI3mRrYkGC8rW2hM02jWuwjtL++LS5qinSyhj2QfLyNsuc+VsExg==

string-convert@^0.2.0:
  version "0.2.1"
  resolved "https://registry.npmjs.org/string-convert/-/string-convert-0.2.1.tgz"
  integrity sha512-u/1tdPl4yQnPBjnVrmdLo9gtuLvELKsAoRapekWggdiQNvvvum+jYF329d84NAa660KQw7pB2n36KrIKVoXa3A==

styled-jsx@5.1.6:
  version "5.1.6"
  resolved "https://registry.npmjs.org/styled-jsx/-/styled-jsx-5.1.6.tgz"
  integrity sha512-qSVyDTeMotdvQYoHWLNGwRFJHC+i+ZvdBRYosOFgC+Wg1vx4frN2/RG/NA7SYqqvKNLf39P2LSRA2pu6n0XYZA==
  dependencies:
    client-only "0.0.1"

tailwindcss@4.1.0, tailwindcss@^4:
  version "4.1.0"
  resolved "https://registry.npmjs.org/tailwindcss/-/tailwindcss-4.1.0.tgz"
  integrity sha512-vBYstoFnvUZCDxaauNGQQEvJNQgCd1vSMDRYuZZMH1xRRcTboOk1rJrW5yFkEabU9X6Yx1C4LQ+QvPOvQj4Daw==

tapable@^2.2.0:
  version "2.2.1"
  resolved "https://registry.npmjs.org/tapable/-/tapable-2.2.1.tgz"
  integrity sha512-GNzQvQTOIP6RyTfE2Qxb8ZVlNmw0n88vp1szwWRimP02mnTsx3Wtn5qRdqY9w2XduFNUgvOwhNnQsjwCp+kqaQ==

three@^0.175.0:
  version "0.175.0"
  resolved "https://registry.yarnpkg.com/three/-/three-0.175.0.tgz#67b357b0b1ee8ef0445b9a768f59363ab1fa7921"
  integrity sha512-nNE3pnTHxXN/Phw768u0Grr7W4+rumGg/H6PgeseNJojkJtmeHJfZWi41Gp2mpXl1pg1pf1zjwR4McM1jTqkpg==

tslib@^2.4.0, tslib@^2.8.0:
  version "2.8.1"
  resolved "https://registry.npmjs.org/tslib/-/tslib-2.8.1.tgz"
  integrity sha512-oJFu94HQb+KVduSUQL7wnpmqnfmLsOA/nAh6b6EH0wCEoK0/mPeXU6c3wKDV83MkOuHPRHtSXKKU99IBazS/2w==

tsparticles-engine@^2.9.0:
  version "2.12.0"
  resolved "https://registry.npmjs.org/tsparticles-engine/-/tsparticles-engine-2.12.0.tgz"
  integrity sha512-ZjDIYex6jBJ4iMc9+z0uPe7SgBnmb6l+EJm83MPIsOny9lPpetMsnw/8YJ3xdxn8hV+S3myTpTN1CkOVmFv0QQ==

tsparticles@^3.4.0:
  version "3.4.0"
  resolved "https://registry.npmjs.org/tsparticles/-/tsparticles-3.4.0.tgz"
  integrity sha512-dJV40INsemU8cav60JvWr3wvEcGitNsRpjepIMenQmew7qo4bk5ZpzY9n6XK5Lu72OwDIyFdF7DCDbE4KTnPsQ==
  dependencies:
    "@tsparticles/engine" "^3.4.0"
    "@tsparticles/interaction-external-trail" "^3.4.0"
    "@tsparticles/plugin-absorbers" "^3.4.0"
    "@tsparticles/plugin-emitters" "^3.4.0"
    "@tsparticles/plugin-emitters-shape-circle" "^3.4.0"
    "@tsparticles/plugin-emitters-shape-square" "^3.4.0"
    "@tsparticles/shape-text" "^3.4.0"
    "@tsparticles/slim" "^3.4.0"
    "@tsparticles/updater-destroy" "^3.4.0"
    "@tsparticles/updater-roll" "^3.4.0"
    "@tsparticles/updater-tilt" "^3.4.0"
    "@tsparticles/updater-twinkle" "^3.4.0"
    "@tsparticles/updater-wobble" "^3.4.0"

vanta@^0.5.24:
  version "0.5.24"
  resolved "https://registry.yarnpkg.com/vanta/-/vanta-0.5.24.tgz#46ec96b0b88cdcc57b7cee383e1d5f74bd3d4fb3"
  integrity sha512-fvieEbHy1ZS23zrcX+topzqAgA4Uct1enngOEWLFBgs9TtOf6RDFOYatH7KSVdrABzQDMCQ5myQy+nTSZZwLzg==
